
Microsoft Visual Studio Solution File, Format Version 12.00
# Visual Studio Version 17
VisualStudioVersion = 17.0.31903.59
MinimumVisualStudioVersion = 10.0.40219.1
Project("{FAE04EC0-301F-11D3-BF4B-00C04F79EFBC}") = "MyFirstApp", "MyFirstApp\MyFirstApp.csproj", "{0DD7C5A3-5D4F-49F9-A2F3-C8FA5F4339A7}"
EndProject
Project("{FAE04EC0-301F-11D3-BF4B-00C04F79EFBC}") = "Helper", "Helper\Helper.csproj", "{7CF3B3E1-649B-44B6-8009-DE141AF80C2C}"
EndProject
Global
	GlobalSection(SolutionConfigurationPlatforms) = preSolution
		Debug|Any CPU = Debug|Any CPU
		Release|Any CPU = Release|Any CPU
	EndGlobalSection
	GlobalSection(SolutionProperties) = preSolution
		HideSolutionNode = FALSE
	EndGlobalSection
	GlobalSection(ProjectConfigurationPlatforms) = postSolution
		{0DD7C5A3-5D4F-49F9-A2F3-C8FA5F4339A7}.Debug|Any CPU.ActiveCfg = Debug|Any CPU
		{0DD7C5A3-5D4F-49F9-A2F3-C8FA5F4339A7}.Debug|Any CPU.Build.0 = Debug|Any CPU
		{0DD7C5A3-5D4F-49F9-A2F3-C8FA5F4339A7}.Release|Any CPU.ActiveCfg = Release|Any CPU
		{0DD7C5A3-5D4F-49F9-A2F3-C8FA5F4339A7}.Release|Any CPU.Build.0 = Release|Any CPU
		{7CF3B3E1-649B-44B6-8009-DE141AF80C2C}.Debug|Any CPU.ActiveCfg = Debug|Any CPU
		{7CF3B3E1-649B-44B6-8009-DE141AF80C2C}.Debug|Any CPU.Build.0 = Debug|Any CPU
		{7CF3B3E1-649B-44B6-8009-DE141AF80C2C}.Release|Any CPU.ActiveCfg = Release|Any CPU
		{7CF3B3E1-649B-44B6-8009-DE141AF80C2C}.Release|Any CPU.Build.0 = Release|Any CPU
	EndGlobalSection
EndGlobal
