
Microsoft Visual Studio Solution File, Format Version 12.00
# Visual Studio Version 17
VisualStudioVersion = 17.8.34511.84
MinimumVisualStudioVersion = 10.0.40219.1
Project("{FAE04EC0-301F-11D3-BF4B-00C04F79EFBC}") = "Proj", "Proj\Proj.csproj", "{073FDC5A-913D-4269-975C-CB7209B26E7D}"
EndProject
Global
	GlobalSection(SolutionConfigurationPlatforms) = preSolution
		Debug|Any CPU = Debug|Any CPU
		Release|Any CPU = Release|Any CPU
	EndGlobalSection
	GlobalSection(ProjectConfigurationPlatforms) = postSolution
		{073FDC5A-913D-4269-975C-CB7209B26E7D}.Debug|Any CPU.ActiveCfg = Debug|Any CPU
		{073FDC5A-913D-4269-975C-CB7209B26E7D}.Debug|Any CPU.Build.0 = Debug|Any CPU
		{073FDC5A-913D-4269-975C-CB7209B26E7D}.Release|Any CPU.ActiveCfg = Release|Any CPU
		{073FDC5A-913D-4269-975C-CB7209B26E7D}.Release|Any CPU.Build.0 = Release|Any CPU
	EndGlobalSection
	GlobalSection(SolutionProperties) = preSolution
		HideSolutionNode = FALSE
	EndGlobalSection
	GlobalSection(ExtensibilityGlobals) = postSolution
		SolutionGuid = {15AE5F77-7FB3-4A74-9E41-41C055F4457B}
	EndGlobalSection
EndGlobal
